{
    "name": "learn-webpack",
    "version": "1.0.0",
    "lockfileVersion": 1,
    "requires": true,
    "dependencies": {
        "compressible": {
            "version": "2.0.14",
            "resolved": "http://registry.npm.taobao.org/compressible/download/compressible-2.0.14.tgz",
            "dev": true,
            "requires": {
                "mime-db": ">= 1.34.0 < 2"
            },
            "dependencies": {
                "mime-db": {
                    "version": "http://registry.npm.taobao.org/mime-db/download/mime-db-1.36.0.tgz",
                    "bundled": true
                }
            }
        },
        "content-disposition": {
            "version": "0.5.2",
            "resolved": "http://registry.npm.taobao.org/content-disposition/download/content-disposition-0.5.2.tgz",
            "dev": true
        },
        "content-type": {
            "version": "1.0.4",
            "resolved": "http://registry.npm.taobao.org/content-type/download/content-type-1.0.4.tgz",
            "dev": true
        },
        "destroy": {
            "version": "1.0.4",
            "resolved": "http://registry.npm.taobao.org/destroy/download/destroy-1.0.4.tgz",
            "dev": true
        },
        "encodeurl": {
            "version": "1.0.2",
            "resolved": "http://registry.npm.taobao.org/encodeurl/download/encodeurl-1.0.2.tgz",
            "dev": true
        },
        "escape-html": {
            "version": "1.0.3",
            "resolved": "http://registry.npm.taobao.org/escape-html/download/escape-html-1.0.3.tgz",
            "dev": true
        },
        "etag": {
            "version": "1.8.1",
            "resolved": "http://registry.npm.taobao.org/etag/download/etag-1.8.1.tgz",
            "dev": true
        },
        "faye-websocket": {
            "version": "0.11.1",
            "resolved": "http://registry.npm.taobao.org/faye-websocket/download/faye-websocket-0.11.1.tgz",
            "dev": true,
            "requires": {
                "websocket-driver": ">=0.5.1"
            },
            "dependencies": {
                "websocket-driver": {
                    "version": "http://registry.npm.taobao.org/websocket-driver/download/websocket-driver-0.7.0.tgz",
                    "bundled": true,
                    "dependencies": {
                        "http-parser-js": {
                            "version": "http://registry.npm.taobao.org/http-parser-js/download/http-parser-js-0.4.13.tgz",
                            "bundled": true
                        },
                        "websocket-extensions": {
                            "version": "http://registry.npm.taobao.org/websocket-extensions/download/websocket-extensions-0.1.3.tgz",
                            "bundled": true
                        }
                    }
                }
            }
        },
        "forwarded": {
            "version": "0.1.2",
            "resolved": "http://registry.npm.taobao.org/forwarded/download/forwarded-0.1.2.tgz",
            "dev": true
        },
        "fresh": {
            "version": "0.5.2",
            "resolved": "http://registry.npm.taobao.org/fresh/download/fresh-0.5.2.tgz",
            "dev": true
        },
        "http-proxy-middleware": {
            "version": "0.17.4",
            "resolved": "http://registry.npm.taobao.org/http-proxy-middleware/download/http-proxy-middleware-0.17.4.tgz",
            "dev": true,
            "dependencies": {
                "http-proxy": {
                    "version": "http://registry.npm.taobao.org/http-proxy/download/http-proxy-1.17.0.tgz",
                    "bundled": true
                },
                "is-glob": {
                    "version": "http://registry.npm.taobao.org/is-glob/download/is-glob-3.1.0.tgz",
                    "bundled": true
                },
                "lodash": {
                    "version": "http://registry.npm.taobao.org/lodash/download/lodash-4.17.10.tgz",
                    "bundled": true
                },
                "micromatch": {
                    "version": "http://registry.npm.taobao.org/micromatch/download/micromatch-2.3.11.tgz",
                    "bundled": true
                }
            }
        },
        "iconv-lite": {
            "version": "0.4.19",
            "resolved": "http://registry.npm.taobao.org/iconv-lite/download/iconv-lite-0.4.19.tgz",
            "dev": true
        },
        "inherits": {
            "version": "2.0.3",
            "resolved": "http://registry.npm.taobao.org/inherits/download/inherits-2.0.3.tgz",
            "dev": true
        },
        "media-typer": {
            "version": "0.3.0",
            "resolved": "http://registry.npm.taobao.org/media-typer/download/media-typer-0.3.0.tgz",
            "dev": true
        },
        "memory-fs": {
            "version": "0.4.1",
            "resolved": "http://registry.npm.taobao.org/memory-fs/download/memory-fs-0.4.1.tgz",
            "dev": true,
            "dependencies": {
                "errno": {
                    "version": "http://registry.npm.taobao.org/errno/download/errno-0.1.7.tgz",
                    "bundled": true
                },
                "readable-stream": {
                    "version": "http://registry.npm.taobao.org/readable-stream/download/readable-stream-2.3.6.tgz",
                    "bundled": true
                }
            }
        },
        "merge-descriptors": {
            "version": "1.0.1",
            "resolved": "http://registry.npm.taobao.org/merge-descriptors/download/merge-descriptors-1.0.1.tgz",
            "dev": true
        },
        "mime-db": {
            "version": "1.36.0",
            "resolved": "http://registry.npm.taobao.org/mime-db/download/mime-db-1.36.0.tgz",
            "dev": true
        },
        "mime-types": {
            "version": "2.1.20",
            "resolved": "http://registry.npm.taobao.org/mime-types/download/mime-types-2.1.20.tgz",
            "dev": true,
            "requires": {
                "mime-db": "~1.36.0"
            },
            "dependencies": {
                "mime-db": {
                    "version": "http://registry.npm.taobao.org/mime-db/download/mime-db-1.36.0.tgz",
                    "bundled": true
                }
            }
        },
        "minimist": {
            "version": "0.0.10",
            "resolved": "http://registry.npm.taobao.org/minimist/download/minimist-0.0.10.tgz",
            "dev": true
        },
        "on-finished": {
            "version": "2.3.0",
            "resolved": "http://registry.npm.taobao.org/on-finished/download/on-finished-2.3.0.tgz",
            "dev": true,
            "dependencies": {
                "ee-first": {
                    "version": "http://registry.npm.taobao.org/ee-first/download/ee-first-1.1.1.tgz",
                    "bundled": true
                }
            }
        },
        "optimist": {
            "version": "0.6.1",
            "resolved": "http://registry.npm.taobao.org/optimist/download/optimist-0.6.1.tgz",
            "dev": true,
            "requires": {
                "minimist": "~0.0.1"
            },
            "dependencies": {
                "minimist": {
                    "version": "http://registry.npm.taobao.org/minimist/download/minimist-0.0.10.tgz",
                    "bundled": true
                },
                "wordwrap": {
                    "version": "http://registry.npm.taobao.org/wordwrap/download/wordwrap-0.0.3.tgz",
                    "bundled": true
                }
            }
        },
        "parseurl": {
            "version": "1.3.2",
            "resolved": "http://registry.npm.taobao.org/parseurl/download/parseurl-1.3.2.tgz",
            "dev": true
        },
        "proxy-addr": {
            "version": "2.0.4",
            "resolved": "http://registry.npm.taobao.org/proxy-addr/download/proxy-addr-2.0.4.tgz",
            "dev": true,
            "requires": {
                "forwarded": "~0.1.2"
            },
            "dependencies": {
                "forwarded": {
                    "version": "http://registry.npm.taobao.org/forwarded/download/forwarded-0.1.2.tgz",
                    "bundled": true
                },
                "ipaddr.js": {
                    "version": "http://registry.npm.taobao.org/ipaddr.js/download/ipaddr.js-1.8.0.tgz",
                    "bundled": true
                }
            }
        },
        "raw-body": {
            "version": "2.3.2",
            "resolved": "http://registry.npm.taobao.org/raw-body/download/raw-body-2.3.2.tgz",
            "dev": true,
            "requires": {
                "http-errors": "1.6.2",
                "iconv-lite": "0.4.19",
                "unpipe": "1.0.0"
            },
            "dependencies": {
                "bytes": {
                    "version": "http://registry.npm.taobao.org/bytes/download/bytes-3.0.0.tgz",
                    "bundled": true
                },
                "depd": {
                    "version": "1.1.1",
                    "resolved": "http://registry.npm.taobao.org/depd/download/depd-1.1.1.tgz",
                    "integrity": "sha1-V4O04cRZ8G+lyif5kfPQbnoxA1k=",
                    "dev": true
                },
                "http-errors": {
                    "version": "1.6.2",
                    "resolved": "http://registry.npm.taobao.org/http-errors/download/http-errors-1.6.2.tgz",
                    "integrity": "sha1-CgAsyFcHGSp+eUbO7cERVfYOxzY=",
                    "dev": true,
                    "requires": {
                        "depd": "1.1.1",
                        "inherits": "2.0.3",
                        "setprototypeof": "1.0.3"
                    }
                },
                "iconv-lite": {
                    "version": "http://registry.npm.taobao.org/iconv-lite/download/iconv-lite-0.4.19.tgz",
                    "bundled": true
                },
                "setprototypeof": {
                    "version": "1.0.3",
                    "resolved": "http://registry.npm.taobao.org/setprototypeof/download/setprototypeof-1.0.3.tgz",
                    "integrity": "sha1-ZlZ+NwQ+608E2RvWWMDL77VbjgQ=",
                    "dev": true
                },
                "unpipe": {
                    "version": "http://registry.npm.taobao.org/unpipe/download/unpipe-1.0.0.tgz",
                    "bundled": true
                }
            }
        },
        "sockjs-client": {
            "version": "1.1.5",
            "resolved": "http://registry.npm.taobao.org/sockjs-client/download/sockjs-client-1.1.5.tgz",
            "dev": true,
            "requires": {
                "debug": "^2.6.6",
                "faye-websocket": "~0.11.0",
                "inherits": "^2.0.1"
            },
            "dependencies": {
                "debug": {
                    "version": "2.6.9",
                    "resolved": "http://registry.npm.taobao.org/debug/download/debug-2.6.9.tgz",
                    "integrity": "sha1-XRKFFd8TT/Mn6QpMk/Tgd6U2NB8=",
                    "dev": true
                },
                "eventsource": {
                    "version": "http://registry.npm.taobao.org/eventsource/download/eventsource-0.1.6.tgz",
                    "bundled": true
                },
                "faye-websocket": {
                    "version": "http://registry.npm.taobao.org/faye-websocket/download/faye-websocket-0.11.1.tgz",
                    "bundled": true
                },
                "inherits": {
                    "version": "http://registry.npm.taobao.org/inherits/download/inherits-2.0.3.tgz",
                    "bundled": true
                },
                "json3": {
                    "version": "http://registry.npm.taobao.org/json3/download/json3-3.3.2.tgz",
                    "bundled": true
                },
                "url-parse": {
                    "version": "http://registry.npm.taobao.org/url-parse/download/url-parse-1.4.3.tgz",
                    "bundled": true,
                    "dependencies": {
                        "querystringify": {
                            "version": "http://registry.npm.taobao.org/querystringify/download/querystringify-2.0.0.tgz"
                        },
                        "requires-port": {
                            "version": "http://registry.npm.taobao.org/requires-port/download/requires-port-1.0.0.tgz"
                        }
                    }
                }
            }
        },
        "stream-cache": {
            "version": "0.0.2",
            "resolved": "http://registry.npm.taobao.org/stream-cache/download/stream-cache-0.0.2.tgz",
            "dev": true
        },
        "strip-ansi": {
            "version": "3.0.1",
            "resolved": "http://registry.npm.taobao.org/strip-ansi/download/strip-ansi-3.0.1.tgz",
            "dev": true,
            "dependencies": {
                "ansi-regex": {
                    "version": "http://registry.npm.taobao.org/ansi-regex/download/ansi-regex-2.1.1.tgz",
                    "bundled": true
                }
            }
        },
        "supports-color": {
            "version": "3.2.3",
            "resolved": "http://registry.npm.taobao.org/supports-color/download/supports-color-3.2.3.tgz",
            "dev": true,
            "dependencies": {
                "has-flag": {
                    "version": "http://registry.npm.taobao.org/has-flag/download/has-flag-1.0.0.tgz",
                    "bundled": true
                }
            }
        },
        "time-stamp": {
            "version": "2.1.0",
            "resolved": "http://registry.npm.taobao.org/time-stamp/download/time-stamp-2.1.0.tgz",
            "dev": true
        },
        "type-is": {
            "version": "1.6.16",
            "resolved": "http://registry.npm.taobao.org/type-is/download/type-is-1.6.16.tgz",
            "dev": true,
            "requires": {
                "media-typer": "0.3.0",
                "mime-types": "~2.1.18"
            },
            "dependencies": {
                "media-typer": {
                    "version": "http://registry.npm.taobao.org/media-typer/download/media-typer-0.3.0.tgz",
                    "bundled": true
                },
                "mime-types": {
                    "version": "http://registry.npm.taobao.org/mime-types/download/mime-types-2.1.20.tgz",
                    "bundled": true,
                    "dependencies": {
                        "mime-db": {
                            "version": "http://registry.npm.taobao.org/mime-db/download/mime-db-1.36.0.tgz",
                            "bundled": true
                        }
                    }
                }
            }
        },
        "unpipe": {
            "version": "1.0.0",
            "resolved": "http://registry.npm.taobao.org/unpipe/download/unpipe-1.0.0.tgz",
            "dev": true
        },
        "webpack-dev-middleware": {
            "version": "1.12.2",
            "resolved": "http://registry.npm.taobao.org/webpack-dev-middleware/download/webpack-dev-middleware-1.12.2.tgz",
            "dev": true,
            "requires": {
                "memory-fs": "~0.4.1",
                "time-stamp": "^2.0.0"
            },
            "dependencies": {
                "memory-fs": {
                    "version": "http://registry.npm.taobao.org/memory-fs/download/memory-fs-0.4.1.tgz",
                    "bundled": true
                },
                "mime": {
                    "version": "http://registry.npm.taobao.org/mime/download/mime-1.6.0.tgz",
                    "bundled": true
                },
                "path-is-absolute": {
                    "version": "http://registry.npm.taobao.org/path-is-absolute/download/path-is-absolute-1.0.1.tgz",
                    "bundled": true
                },
                "range-parser": {
                    "version": "http://registry.npm.taobao.org/range-parser/download/range-parser-1.2.0.tgz",
                    "bundled": true
                },
                "time-stamp": {
                    "version": "http://registry.npm.taobao.org/time-stamp/download/time-stamp-2.1.0.tgz",
                    "bundled": true
                }
            }
        },
        "webpack-dev-server": {
            "version": "1.16.5",
            "resolved": "http://registry.npm.taobao.org/webpack-dev-server/download/webpack-dev-server-1.16.5.tgz",
            "integrity": "sha1-DL1fLSrI1OWTqs1clwLnu9XlmJI=",
            "dev": true,
            "requires": {
                "compression": "^1.5.2",
                "connect-history-api-fallback": "^1.3.0",
                "express": "^4.13.3",
                "http-proxy-middleware": "~0.17.1",
                "open": "0.0.5",
                "optimist": "~0.6.1",
                "serve-index": "^1.7.2",
                "sockjs": "^0.3.15",
                "sockjs-client": "^1.0.3",
                "stream-cache": "~0.0.1",
                "strip-ansi": "^3.0.0",
                "supports-color": "^3.1.1",
                "webpack-dev-middleware": "^1.10.2"
            },
            "dependencies": {
                "accepts": {
                    "version": "1.3.5",
                    "resolved": "http://registry.npm.taobao.org/accepts/download/accepts-1.3.5.tgz",
                    "integrity": "sha1-63d99gEXI6OxTopywIBcjoZ0a9I=",
                    "dev": true,
                    "requires": {
                        "mime-types": "~2.1.18",
                        "negotiator": "0.6.1"
                    }
                },
                "array-flatten": {
                    "version": "1.1.1",
                    "resolved": "http://registry.npm.taobao.org/array-flatten/download/array-flatten-1.1.1.tgz",
                    "integrity": "sha1-ml9pkFGx5wczKPKgCJaLZOopVdI=",
                    "dev": true
                },
                "batch": {
                    "version": "0.6.1",
                    "resolved": "http://registry.npm.taobao.org/batch/download/batch-0.6.1.tgz",
                    "integrity": "sha1-3DQxT05nkxgJP8dgJyUl+UvyXBY=",
                    "dev": true
                },
                "body-parser": {
                    "version": "1.18.2",
                    "resolved": "http://registry.npm.taobao.org/body-parser/download/body-parser-1.18.2.tgz",
                    "integrity": "sha1-h2eKGdhLR9hZuDGZvVm84iKxBFQ=",
                    "dev": true,
                    "requires": {
                        "bytes": "3.0.0",
                        "content-type": "~1.0.4",
                        "debug": "2.6.9",
                        "depd": "~1.1.1",
                        "http-errors": "~1.6.2",
                        "iconv-lite": "0.4.19",
                        "on-finished": "~2.3.0",
                        "qs": "6.5.1",
                        "raw-body": "2.3.2",
                        "type-is": "~1.6.15"
                    }
                },
                "bytes": {
                    "version": "3.0.0",
                    "resolved": "http://registry.npm.taobao.org/bytes/download/bytes-3.0.0.tgz",
                    "integrity": "sha1-0ygVQE1olpn4Wk6k+odV3ROpYEg=",
                    "dev": true
                },
                "compression": {
                    "version": "1.7.3",
                    "resolved": "http://registry.npm.taobao.org/compression/download/compression-1.7.3.tgz",
                    "integrity": "sha1-J+DhdqryYPfywoE8PkQK258Zk9s=",
                    "dev": true,
                    "requires": {
                        "accepts": "~1.3.5",
                        "bytes": "3.0.0",
                        "compressible": "~2.0.14",
                        "debug": "2.6.9",
                        "on-headers": "~1.0.1",
                        "safe-buffer": "5.1.2",
                        "vary": "~1.1.2"
                    }
                },
                "connect-history-api-fallback": {
                    "version": "1.5.0",
                    "resolved": "http://registry.npm.taobao.org/connect-history-api-fallback/download/connect-history-api-fallback-1.5.0.tgz",
                    "integrity": "sha1-sGhzk0vF40T+9hGhlqb6rgruAVo=",
                    "dev": true
                },
                "cookie": {
                    "version": "0.3.1",
                    "resolved": "http://registry.npm.taobao.org/cookie/download/cookie-0.3.1.tgz",
                    "integrity": "sha1-5+Ch+e9DtMi6klxcWpboBtFoc7s=",
                    "dev": true
                },
                "cookie-signature": {
                    "version": "1.0.6",
                    "resolved": "http://registry.npm.taobao.org/cookie-signature/download/cookie-signature-1.0.6.tgz",
                    "integrity": "sha1-4wOogrNCzD7oylE6eZmXNNqzriw=",
                    "dev": true
                },
                "debug": {
                    "version": "2.6.9",
                    "resolved": "http://registry.npm.taobao.org/debug/download/debug-2.6.9.tgz",
                    "integrity": "sha1-XRKFFd8TT/Mn6QpMk/Tgd6U2NB8=",
                    "dev": true,
                    "requires": {
                        "ms": "2.0.0"
                    }
                },
                "depd": {
                    "version": "1.1.2",
                    "resolved": "http://registry.npm.taobao.org/depd/download/depd-1.1.2.tgz",
                    "integrity": "sha1-m81S4UwJd2PnSbJ0xDRu0uVgtak=",
                    "dev": true
                },
                "express": {
                    "version": "4.16.3",
                    "resolved": "http://registry.npm.taobao.org/express/download/express-4.16.3.tgz",
                    "integrity": "sha1-avilAjUNsyRuzEvs9rWjTSL37VM=",
                    "dev": true,
                    "requires": {
                        "accepts": "~1.3.5",
                        "array-flatten": "1.1.1",
                        "body-parser": "1.18.2",
                        "content-disposition": "0.5.2",
                        "content-type": "~1.0.4",
                        "cookie": "0.3.1",
                        "cookie-signature": "1.0.6",
                        "debug": "2.6.9",
                        "depd": "~1.1.2",
                        "encodeurl": "~1.0.2",
                        "escape-html": "~1.0.3",
                        "etag": "~1.8.1",
                        "finalhandler": "1.1.1",
                        "fresh": "0.5.2",
                        "merge-descriptors": "1.0.1",
                        "methods": "~1.1.2",
                        "on-finished": "~2.3.0",
                        "parseurl": "~1.3.2",
                        "path-to-regexp": "0.1.7",
                        "proxy-addr": "~2.0.3",
                        "qs": "6.5.1",
                        "range-parser": "~1.2.0",
                        "safe-buffer": "5.1.1",
                        "send": "0.16.2",
                        "serve-static": "1.13.2",
                        "setprototypeof": "1.1.0",
                        "statuses": "~1.4.0",
                        "type-is": "~1.6.16",
                        "utils-merge": "1.0.1",
                        "vary": "~1.1.2"
                    },
                    "dependencies": {
                        "safe-buffer": {
                            "version": "5.1.1",
                            "resolved": "http://registry.npm.taobao.org/safe-buffer/download/safe-buffer-5.1.1.tgz",
                            "integrity": "sha1-iTMSr2myEj3vcfV4iQAWce6yyFM=",
                            "dev": true
                        }
                    }
                },
                "faye-websocket": {
                    "version": "0.10.0",
                    "resolved": "http://registry.npm.taobao.org/faye-websocket/download/faye-websocket-0.10.0.tgz",
                    "integrity": "sha1-TkkvjQTftviQA1B/btvy1QHnxvQ=",
                    "dev": true,
                    "requires": {
                        "websocket-driver": ">=0.5.1"
                    }
                },
                "finalhandler": {
                    "version": "1.1.1",
                    "resolved": "http://registry.npm.taobao.org/finalhandler/download/finalhandler-1.1.1.tgz",
                    "integrity": "sha1-7r9O2EAHnIP0JJA4ydcDAIMBsQU=",
                    "dev": true,
                    "requires": {
                        "debug": "2.6.9",
                        "encodeurl": "~1.0.2",
                        "escape-html": "~1.0.3",
                        "on-finished": "~2.3.0",
                        "parseurl": "~1.3.2",
                        "statuses": "~1.4.0",
                        "unpipe": "~1.0.0"
                    }
                },
                "http-errors": {
                    "version": "1.6.3",
                    "resolved": "http://registry.npm.taobao.org/http-errors/download/http-errors-1.6.3.tgz",
                    "integrity": "sha1-i1VoC7S+KDoLW/TqLjhYC+HZMg0=",
                    "dev": true,
                    "requires": {
                        "depd": "~1.1.2",
                        "inherits": "2.0.3",
                        "setprototypeof": "1.1.0",
                        "statuses": ">= 1.4.0 < 2"
                    }
                },
                "methods": {
                    "version": "1.1.2",
                    "resolved": "http://registry.npm.taobao.org/methods/download/methods-1.1.2.tgz",
                    "integrity": "sha1-VSmk1nZUE07cxSZmVoNbD4Ua/O4=",
                    "dev": true
                },
                "mime": {
                    "version": "1.4.1",
                    "resolved": "http://registry.npm.taobao.org/mime/download/mime-1.4.1.tgz",
                    "integrity": "sha1-Eh+evEnjdm8xGnbh+hyAA8SwOqY=",
                    "dev": true
                },
                "ms": {
                    "version": "2.0.0",
                    "resolved": "http://registry.npm.taobao.org/ms/download/ms-2.0.0.tgz",
                    "integrity": "sha1-VgiurfwAvmwpAd9fmGF4jeDVl8g=",
                    "dev": true
                },
                "negotiator": {
                    "version": "0.6.1",
                    "resolved": "http://registry.npm.taobao.org/negotiator/download/negotiator-0.6.1.tgz",
                    "integrity": "sha1-KzJxhOiZIQEXeyhWP7XnECrNDKk=",
                    "dev": true
                },
                "on-headers": {
                    "version": "1.0.1",
                    "resolved": "http://registry.npm.taobao.org/on-headers/download/on-headers-1.0.1.tgz",
                    "integrity": "sha1-ko9dD0cNSTQmUepnlLCFfBAGk/c=",
                    "dev": true
                },
                "open": {
                    "version": "0.0.5",
                    "resolved": "http://registry.npm.taobao.org/open/download/open-0.0.5.tgz",
                    "integrity": "sha1-QsPhjslUZra/DcQvOilFw/DK2Pw=",
                    "dev": true
                },
                "path-to-regexp": {
                    "version": "0.1.7",
                    "resolved": "http://registry.npm.taobao.org/path-to-regexp/download/path-to-regexp-0.1.7.tgz",
                    "integrity": "sha1-32BBeABfUi8V60SQ5yR6G/qmf4w=",
                    "dev": true
                },
                "qs": {
                    "version": "6.5.1",
                    "resolved": "http://registry.npm.taobao.org/qs/download/qs-6.5.1.tgz",
                    "integrity": "sha1-NJzfbu+J7EXBLX1es/wMhwNDptg=",
                    "dev": true
                },
                "range-parser": {
                    "version": "1.2.0",
                    "resolved": "http://registry.npm.taobao.org/range-parser/download/range-parser-1.2.0.tgz",
                    "integrity": "sha1-9JvmtIeJTdxA3MlKMi9hEJLgDV4=",
                    "dev": true
                },
                "safe-buffer": {
                    "version": "5.1.2",
                    "resolved": "http://registry.npm.taobao.org/safe-buffer/download/safe-buffer-5.1.2.tgz",
                    "integrity": "sha1-mR7GnSluAxN0fVm9/St0XDX4go0=",
                    "dev": true
                },
                "send": {
                    "version": "0.16.2",
                    "resolved": "http://registry.npm.taobao.org/send/download/send-0.16.2.tgz",
                    "integrity": "sha1-bsyh4PjBVtFBWXVZhI32RzCmu8E=",
                    "dev": true,
                    "requires": {
                        "debug": "2.6.9",
                        "depd": "~1.1.2",
                        "destroy": "~1.0.4",
                        "encodeurl": "~1.0.2",
                        "escape-html": "~1.0.3",
                        "etag": "~1.8.1",
                        "fresh": "0.5.2",
                        "http-errors": "~1.6.2",
                        "mime": "1.4.1",
                        "ms": "2.0.0",
                        "on-finished": "~2.3.0",
                        "range-parser": "~1.2.0",
                        "statuses": "~1.4.0"
                    }
                },
                "serve-index": {
                    "version": "1.9.1",
                    "resolved": "http://registry.npm.taobao.org/serve-index/download/serve-index-1.9.1.tgz",
                    "integrity": "sha1-03aNabHn2C5c4FD/9bRTvqEqkjk=",
                    "dev": true,
                    "requires": {
                        "accepts": "~1.3.4",
                        "batch": "0.6.1",
                        "debug": "2.6.9",
                        "escape-html": "~1.0.3",
                        "http-errors": "~1.6.2",
                        "mime-types": "~2.1.17",
                        "parseurl": "~1.3.2"
                    }
                },
                "serve-static": {
                    "version": "1.13.2",
                    "resolved": "http://registry.npm.taobao.org/serve-static/download/serve-static-1.13.2.tgz",
                    "integrity": "sha1-CV6Ecv1bRiN9tQzkhqQ/S4bGzsE=",
                    "dev": true,
                    "requires": {
                        "encodeurl": "~1.0.2",
                        "escape-html": "~1.0.3",
                        "parseurl": "~1.3.2",
                        "send": "0.16.2"
                    }
                },
                "setprototypeof": {
                    "version": "1.1.0",
                    "resolved": "http://registry.npm.taobao.org/setprototypeof/download/setprototypeof-1.1.0.tgz",
                    "integrity": "sha1-0L2FU2iHtv58DYGMuWLZ2RxU5lY=",
                    "dev": true
                },
                "sockjs": {
                    "version": "0.3.19",
                    "resolved": "http://registry.npm.taobao.org/sockjs/download/sockjs-0.3.19.tgz",
                    "integrity": "sha1-2Xa76ACve9IK4IWY1YI5NQiZPA0=",
                    "dev": true,
                    "requires": {
                        "faye-websocket": "^0.10.0",
                        "uuid": "^3.0.1"
                    }
                },
                "statuses": {
                    "version": "1.4.0",
                    "resolved": "http://registry.npm.taobao.org/statuses/download/statuses-1.4.0.tgz",
                    "integrity": "sha1-u3PURtonlhBu/MG2AaJT1sRr0Ic=",
                    "dev": true
                },
                "utils-merge": {
                    "version": "1.0.1",
                    "resolved": "http://registry.npm.taobao.org/utils-merge/download/utils-merge-1.0.1.tgz",
                    "integrity": "sha1-n5VxD1CiZ5R7LMwSR0HBAoQn5xM=",
                    "dev": true
                },
                "uuid": {
                    "version": "3.3.2",
                    "resolved": "http://registry.npm.taobao.org/uuid/download/uuid-3.3.2.tgz",
                    "integrity": "sha1-G0r0lV6zB3xQHCOHL8ZROBFYcTE=",
                    "dev": true
                },
                "vary": {
                    "version": "1.1.2",
                    "resolved": "http://registry.npm.taobao.org/vary/download/vary-1.1.2.tgz",
                    "integrity": "sha1-IpnwLG3tMNSllhsLn3RSShj2NPw=",
                    "dev": true
                }
            }
        },
        "websocket-driver": {
            "version": "0.7.0",
            "resolved": "http://registry.npm.taobao.org/websocket-driver/download/websocket-driver-0.7.0.tgz",
            "dev": true,
            "dependencies": {
                "http-parser-js": {
                    "version": "http://registry.npm.taobao.org/http-parser-js/download/http-parser-js-0.4.13.tgz",
                    "bundled": true
                },
                "websocket-extensions": {
                    "version": "http://registry.npm.taobao.org/websocket-extensions/download/websocket-extensions-0.1.3.tgz",
                    "bundled": true
                }
            }
        }
    }
}
